# @generated by Move, please check-in and do not edit manually.

[move]
version = 3
manifest_digest = "C0FF176B10607C88B40594C376C4BA618446AB642FF8982BAFD9DFBE68108BDF"
deps_digest = "F8BBB0CCB2491CA29A3DF03D6F92277A4F3574266507ACD77214D37ECA3F3082"
dependencies = [
  { id = "Iota", name = "Iota" },
]

[[move.package]]
id = "Iota"
source = { git = "https://github.com/iotaledger/iota.git", rev = "devnet", subdir = "crates/iota-framework/packages/iota-framework" }

dependencies = [
  { id = "MoveStdlib", name = "MoveStdlib" },
]

[[move.package]]
id = "MoveStdlib"
source = { git = "https://github.com/iotaledger/iota.git", rev = "devnet", subdir = "crates/iota-framework/packages/move-stdlib" }

[move.toolchain-version]
compiler-version = "1.12.0-rc"
edition = "2024"
flavor = "iota"

[env]

[env.testnet]
chain-id = "2304aa97"
original-published-id = "0x140e767b2d4c62840db4082879aec4d48c7d92f06a94c3fe0123bee0028b4bbd"
latest-published-id = "0x140e767b2d4c62840db4082879aec4d48c7d92f06a94c3fe0123bee0028b4bbd"
published-version = "1"

[env.devnet]
chain-id = "e678123a"
original-published-id = "0x6b59a9423c6aa80f8c6e7e6ec0fe93f38168ce412254880ae59616d06ac275d4"
latest-published-id = "0x6b59a9423c6aa80f8c6e7e6ec0fe93f38168ce412254880ae59616d06ac275d4"
published-version = "1"

